
Microsoft Visual Studio Solution File, Format Version 12.00
# Visual Studio Version 16
VisualStudioVersion = 16.0.29418.71
MinimumVisualStudioVersion = 10.0.40219.1
Project("{FAE04EC0-301F-11D3-BF4B-00C04F79EFBC}") = "ImgProc", "ImgProc\ImgProc.csproj", "{27E271B4-9B0A-4B39-AD52-C1AA00D066B9}"
EndProject
Project("{FAE04EC0-301F-11D3-BF4B-00C04F79EFBC}") = "ImgProcEngine", "ImgProcEngine\ImgProcEngine.csproj", "{983A86E1-3C46-496B-8F8A-BC28D2C8AE9B}"
EndProject
Global
	GlobalSection(SolutionConfigurationPlatforms) = preSolution
		Debug|Any CPU = Debug|Any CPU
		Release|Any CPU = Release|Any CPU
	EndGlobalSection
	GlobalSection(ProjectConfigurationPlatforms) = postSolution
		{27E271B4-9B0A-4B39-AD52-C1AA00D066B9}.Debug|Any CPU.ActiveCfg = Debug|Any CPU
		{27E271B4-9B0A-4B39-AD52-C1AA00D066B9}.Debug|Any CPU.Build.0 = Debug|Any CPU
		{27E271B4-9B0A-4B39-AD52-C1AA00D066B9}.Release|Any CPU.ActiveCfg = Release|Any CPU
		{27E271B4-9B0A-4B39-AD52-C1AA00D066B9}.Release|Any CPU.Build.0 = Release|Any CPU
		{983A86E1-3C46-496B-8F8A-BC28D2C8AE9B}.Debug|Any CPU.ActiveCfg = Debug|Any CPU
		{983A86E1-3C46-496B-8F8A-BC28D2C8AE9B}.Debug|Any CPU.Build.0 = Debug|Any CPU
		{983A86E1-3C46-496B-8F8A-BC28D2C8AE9B}.Release|Any CPU.ActiveCfg = Release|Any CPU
		{983A86E1-3C46-496B-8F8A-BC28D2C8AE9B}.Release|Any CPU.Build.0 = Release|Any CPU
	EndGlobalSection
	GlobalSection(SolutionProperties) = preSolution
		HideSolutionNode = FALSE
	EndGlobalSection
	GlobalSection(ExtensibilityGlobals) = postSolution
		SolutionGuid = {12EAE0E3-2C00-49BD-ACB6-0292C2743963}
	EndGlobalSection
EndGlobal
